
Microsoft Visual Studio Solution File, Format Version 12.00
# Visual Studio Version 17
VisualStudioVersion = 17.0.31903.59
MinimumVisualStudioVersion = 10.0.40219.1
Project("{FAE04EC0-301F-11D3-BF4B-00C04F79EFBC}") = "HireMatt.Api", "HireMatt.Api\HireMatt.Api.csproj", "{6FD921DC-FB29-43F7-95C1-1163DD94E4DA}"
EndProject
Project("{FAE04EC0-301F-11D3-BF4B-00C04F79EFBC}") = "HireMatt.Domain", "HireMatt.Domain\HireMatt.Domain.csproj", "{7B0B185B-3E97-4D89-9387-FEF6498DD937}"
EndProject
Project("{FAE04EC0-301F-11D3-BF4B-00C04F79EFBC}") = "HireMatt.Storage", "HireMatt.Storage\HireMatt.Storage.csproj", "{D65C1F02-C011-40B2-A3AD-A13BB962DF1F}"
EndProject
Project("{FAE04EC0-301F-11D3-BF4B-00C04F79EFBC}") = "HireMatt.Services", "HireMatt.Services\HireMatt.Services.csproj", "{E481398E-7A3A-4A15-B0ED-5A526516869B}"
EndProject
Project("{FAE04EC0-301F-11D3-BF4B-00C04F79EFBC}") = "HireMatt.Endpoint", "HireMatt.Endpoint\HireMatt.Endpoint.csproj", "{46503D49-2035-46CE-9974-798601EBC527}"
EndProject
Project("{FAE04EC0-301F-11D3-BF4B-00C04F79EFBC}") = "HireMatt.Tests", "HireMatt.Tests\HireMatt.Tests.csproj", "{A8F4B166-694A-45BB-8EFB-B9F6581F953E}"
EndProject
Global
	GlobalSection(SolutionConfigurationPlatforms) = preSolution
		Debug|Any CPU = Debug|Any CPU
		Release|Any CPU = Release|Any CPU
	EndGlobalSection
	GlobalSection(SolutionProperties) = preSolution
		HideSolutionNode = FALSE
	EndGlobalSection
	GlobalSection(ProjectConfigurationPlatforms) = postSolution
		{6FD921DC-FB29-43F7-95C1-1163DD94E4DA}.Debug|Any CPU.ActiveCfg = Debug|Any CPU
		{6FD921DC-FB29-43F7-95C1-1163DD94E4DA}.Debug|Any CPU.Build.0 = Debug|Any CPU
		{6FD921DC-FB29-43F7-95C1-1163DD94E4DA}.Release|Any CPU.ActiveCfg = Release|Any CPU
		{6FD921DC-FB29-43F7-95C1-1163DD94E4DA}.Release|Any CPU.Build.0 = Release|Any CPU
		{7B0B185B-3E97-4D89-9387-FEF6498DD937}.Debug|Any CPU.ActiveCfg = Debug|Any CPU
		{7B0B185B-3E97-4D89-9387-FEF6498DD937}.Debug|Any CPU.Build.0 = Debug|Any CPU
		{7B0B185B-3E97-4D89-9387-FEF6498DD937}.Release|Any CPU.ActiveCfg = Release|Any CPU
		{7B0B185B-3E97-4D89-9387-FEF6498DD937}.Release|Any CPU.Build.0 = Release|Any CPU
		{D65C1F02-C011-40B2-A3AD-A13BB962DF1F}.Debug|Any CPU.ActiveCfg = Debug|Any CPU
		{D65C1F02-C011-40B2-A3AD-A13BB962DF1F}.Debug|Any CPU.Build.0 = Debug|Any CPU
		{D65C1F02-C011-40B2-A3AD-A13BB962DF1F}.Release|Any CPU.ActiveCfg = Release|Any CPU
		{D65C1F02-C011-40B2-A3AD-A13BB962DF1F}.Release|Any CPU.Build.0 = Release|Any CPU
		{E481398E-7A3A-4A15-B0ED-5A526516869B}.Debug|Any CPU.ActiveCfg = Debug|Any CPU
		{E481398E-7A3A-4A15-B0ED-5A526516869B}.Debug|Any CPU.Build.0 = Debug|Any CPU
		{E481398E-7A3A-4A15-B0ED-5A526516869B}.Release|Any CPU.ActiveCfg = Release|Any CPU
		{E481398E-7A3A-4A15-B0ED-5A526516869B}.Release|Any CPU.Build.0 = Release|Any CPU
		{46503D49-2035-46CE-9974-798601EBC527}.Debug|Any CPU.ActiveCfg = Debug|Any CPU
		{46503D49-2035-46CE-9974-798601EBC527}.Debug|Any CPU.Build.0 = Debug|Any CPU
		{46503D49-2035-46CE-9974-798601EBC527}.Release|Any CPU.ActiveCfg = Release|Any CPU
		{46503D49-2035-46CE-9974-798601EBC527}.Release|Any CPU.Build.0 = Release|Any CPU
		{A8F4B166-694A-45BB-8EFB-B9F6581F953E}.Debug|Any CPU.ActiveCfg = Debug|Any CPU
		{A8F4B166-694A-45BB-8EFB-B9F6581F953E}.Debug|Any CPU.Build.0 = Debug|Any CPU
		{A8F4B166-694A-45BB-8EFB-B9F6581F953E}.Release|Any CPU.ActiveCfg = Release|Any CPU
		{A8F4B166-694A-45BB-8EFB-B9F6581F953E}.Release|Any CPU.Build.0 = Release|Any CPU
	EndGlobalSection
EndGlobal
